// !$*UTF8*$!
{
	archiveVersion = 1;
	classes = {
	};
	objectVersion = 55;
	objects = {

/* Begin PBXBuildFile section */
		743E70C32C57CABADE3F741C /* Pods_RUGunarathna_COBSCComp201_019.framework in Frameworks */ = {isa = PBXBuildFile; fileRef = E167FADAAE6E131637A3C001 /* Pods_RUGunarathna_COBSCComp201_019.framework */; };
		B67E7365274475E400356649 /* User.swift in Sources */ = {isa = PBXBuildFile; fileRef = B67E7364274475E400356649 /* User.swift */; };
		B67E73682744823F00356649 /* ViewModels.swift in Sources */ = {isa = PBXBuildFile; fileRef = B67E73672744823F00356649 /* ViewModels.swift */; };
		B67FEBD727452BFF0089BDEF /* LaunchView.storyboard in Resources */ = {isa = PBXBuildFile; fileRef = B67FEBD627452BFF0089BDEF /* LaunchView.storyboard */; };
		B681EF7C274552A100F3AA7C /* SettingView.swift in Sources */ = {isa = PBXBuildFile; fileRef = B681EF7B274552A100F3AA7C /* SettingView.swift */; };
		B689C52D2745F07200926741 /* CodeScanner in Frameworks */ = {isa = PBXBuildFile; productRef = B689C52C2745F07200926741 /* CodeScanner */; };
		B690C3F3274431FB0027A389 /* RUGunarathna_COBSCComp201_019App.swift in Sources */ = {isa = PBXBuildFile; fileRef = B690C3F2274431FB0027A389 /* RUGunarathna_COBSCComp201_019App.swift */; };
		B690C3F5274431FB0027A389 /* ContentView.swift in Sources */ = {isa = PBXBuildFile; fileRef = B690C3F4274431FB0027A389 /* ContentView.swift */; };
		B690C3F7274431FF0027A389 /* Assets.xcassets in Resources */ = {isa = PBXBuildFile; fileRef = B690C3F6274431FF0027A389 /* Assets.xcassets */; };
		B690C3FA274431FF0027A389 /* Preview Assets.xcassets in Resources */ = {isa = PBXBuildFile; fileRef = B690C3F9274431FF0027A389 /* Preview Assets.xcassets */; };
		B690C404274432000027A389 /* RUGunarathna_COBSCComp201_019Tests.swift in Sources */ = {isa = PBXBuildFile; fileRef = B690C403274432000027A389 /* RUGunarathna_COBSCComp201_019Tests.swift */; };
		B690C40E274432010027A389 /* RUGunarathna_COBSCComp201_019UITests.swift in Sources */ = {isa = PBXBuildFile; fileRef = B690C40D274432010027A389 /* RUGunarathna_COBSCComp201_019UITests.swift */; };
		B690C410274432010027A389 /* RUGunarathna_COBSCComp201_019UITestsLaunchTests.swift in Sources */ = {isa = PBXBuildFile; fileRef = B690C40F274432010027A389 /* RUGunarathna_COBSCComp201_019UITestsLaunchTests.swift */; };
		B690C41D274435130027A389 /* GoogleService-Info.plist in Resources */ = {isa = PBXBuildFile; fileRef = B690C41C274435130027A389 /* GoogleService-Info.plist */; };
		B691CB36274D8143004AE25C /* BookingViewModel.swift in Sources */ = {isa = PBXBuildFile; fileRef = B691CB35274D8143004AE25C /* BookingViewModel.swift */; };
		B691CB38274D84EB004AE25C /* BookingSlot.swift in Sources */ = {isa = PBXBuildFile; fileRef = B691CB37274D84EB004AE25C /* BookingSlot.swift */; };
		B693627A274C035F00B7F9E2 /* TabContentView.swift in Sources */ = {isa = PBXBuildFile; fileRef = B6936279274C035F00B7F9E2 /* TabContentView.swift */; };
		B693CBA8274BF6E1006FE556 /* HomeScreen.swift in Sources */ = {isa = PBXBuildFile; fileRef = B693CBA7274BF6E1006FE556 /* HomeScreen.swift */; };
		B693CBAD274BF9DB006FE556 /* AuthenticateViewModel.swift in Sources */ = {isa = PBXBuildFile; fileRef = B693CBAC274BF9DB006FE556 /* AuthenticateViewModel.swift */; };
		B693CBB0274BFB20006FE556 /* AuthenticateService.swift in Sources */ = {isa = PBXBuildFile; fileRef = B693CBAF274BFB20006FE556 /* AuthenticateService.swift */; };
		B69D6BE7274D583300946490 /* HomeViewModel.swift in Sources */ = {isa = PBXBuildFile; fileRef = B69D6BE6274D583300946490 /* HomeViewModel.swift */; };
		B6A131DF2746D027008FBCC8 /* ParkingSlot.swift in Sources */ = {isa = PBXBuildFile; fileRef = B6A131DE2746D027008FBCC8 /* ParkingSlot.swift */; };
		B6A230A5274B72DF0020A58C /* SettingModels.swift in Sources */ = {isa = PBXBuildFile; fileRef = B6A230A4274B72DF0020A58C /* SettingModels.swift */; };
		B6B00EF12749902700C4AA72 /* BookScreen.swift in Sources */ = {isa = PBXBuildFile; fileRef = B6B00EF02749902700C4AA72 /* BookScreen.swift */; };
		B6BFED31274FDC6200805399 /* RUGunarathna_COBSCComp201_019UITestsLogin.swift in Sources */ = {isa = PBXBuildFile; fileRef = B6BFED30274FDC6200805399 /* RUGunarathna_COBSCComp201_019UITestsLogin.swift */; };
		B6BFED33274FDC6200805399 /* RUGunarathna_COBSCComp201_019UITestsLoginLaunchTests.swift in Sources */ = {isa = PBXBuildFile; fileRef = B6BFED32274FDC6200805399 /* RUGunarathna_COBSCComp201_019UITestsLoginLaunchTests.swift */; };
		B6E8EB96274450810005D255 /* SingUpView.swift in Sources */ = {isa = PBXBuildFile; fileRef = B6E8EB95274450810005D255 /* SingUpView.swift */; };
		B71766579A57F4CDEB4A50D9 /* Pods_RUGunarathna_COBSCComp201_019Tests.framework in Frameworks */ = {isa = PBXBuildFile; fileRef = 766CC11CC016AC0655783B6D /* Pods_RUGunarathna_COBSCComp201_019Tests.framework */; };
		D65C83571BA538A00E9860F6 /* Pods_RUGunarathna_COBSCComp201_019_RUGunarathna_COBSCComp201_019UITests.framework in Frameworks */ = {isa = PBXBuildFile; fileRef = AF8140437A229D5359E6CAF6 /* Pods_RUGunarathna_COBSCComp201_019_RUGunarathna_COBSCComp201_019UITests.framework */; };
/* End PBXBuildFile section */

/* Begin PBXContainerItemProxy section */
		B690C400274432000027A389 /* PBXContainerItemProxy */ = {
			isa = PBXContainerItemProxy;
			containerPortal = B690C3E7274431FA0027A389 /* Project object */;
			proxyType = 1;
			remoteGlobalIDString = B690C3EE274431FB0027A389;
			remoteInfo = "RUGunarathna-COBSCComp201-019";
		};
		B690C40A274432010027A389 /* PBXContainerItemProxy */ = {
			isa = PBXContainerItemProxy;
			containerPortal = B690C3E7274431FA0027A389 /* Project object */;
			proxyType = 1;
			remoteGlobalIDString = B690C3EE274431FB0027A389;
			remoteInfo = "RUGunarathna-COBSCComp201-019";
		};
		B6BFED34274FDC6200805399 /* PBXContainerItemProxy */ = {
			isa = PBXContainerItemProxy;
			containerPortal = B690C3E7274431FA0027A389 /* Project object */;
			proxyType = 1;
			remoteGlobalIDString = B690C3EE274431FB0027A389;
			remoteInfo = "RUGunarathna-COBSCComp201-019";
		};
/* End PBXContainerItemProxy section */

/* Begin PBXFileReference section */
		362A904B9E30DDE92B031011 /* Pods-RUGunarathna-COBSCComp201-019.release.xcconfig */ = {isa = PBXFileReference; includeInIndex = 1; lastKnownFileType = text.xcconfig; name = "Pods-RUGunarathna-COBSCComp201-019.release.xcconfig"; path = "Target Support Files/Pods-RUGunarathna-COBSCComp201-019/Pods-RUGunarathna-COBSCComp201-019.release.xcconfig"; sourceTree = "<group>"; };
		766CC11CC016AC0655783B6D /* Pods_RUGunarathna_COBSCComp201_019Tests.framework */ = {isa = PBXFileReference; explicitFileType = wrapper.framework; includeInIndex = 0; path = Pods_RUGunarathna_COBSCComp201_019Tests.framework; sourceTree = BUILT_PRODUCTS_DIR; };
		81B6503BD58539E553D25381 /* Pods-RUGunarathna-COBSCComp201-019Tests.debug.xcconfig */ = {isa = PBXFileReference; includeInIndex = 1; lastKnownFileType = text.xcconfig; name = "Pods-RUGunarathna-COBSCComp201-019Tests.debug.xcconfig"; path = "Target Support Files/Pods-RUGunarathna-COBSCComp201-019Tests/Pods-RUGunarathna-COBSCComp201-019Tests.debug.xcconfig"; sourceTree = "<group>"; };
		8C1A4B9F479D42E9CB602A25 /* Pods-RUGunarathna-COBSCComp201-019.debug.xcconfig */ = {isa = PBXFileReference; includeInIndex = 1; lastKnownFileType = text.xcconfig; name = "Pods-RUGunarathna-COBSCComp201-019.debug.xcconfig"; path = "Target Support Files/Pods-RUGunarathna-COBSCComp201-019/Pods-RUGunarathna-COBSCComp201-019.debug.xcconfig"; sourceTree = "<group>"; };
		9A6B4C0956A9D074643DDAC0 /* Pods-RUGunarathna-COBSCComp201-019Tests.release.xcconfig */ = {isa = PBXFileReference; includeInIndex = 1; lastKnownFileType = text.xcconfig; name = "Pods-RUGunarathna-COBSCComp201-019Tests.release.xcconfig"; path = "Target Support Files/Pods-RUGunarathna-COBSCComp201-019Tests/Pods-RUGunarathna-COBSCComp201-019Tests.release.xcconfig"; sourceTree = "<group>"; };
		AF8140437A229D5359E6CAF6 /* Pods_RUGunarathna_COBSCComp201_019_RUGunarathna_COBSCComp201_019UITests.framework */ = {isa = PBXFileReference; explicitFileType = wrapper.framework; includeInIndex = 0; path = Pods_RUGunarathna_COBSCComp201_019_RUGunarathna_COBSCComp201_019UITests.framework; sourceTree = BUILT_PRODUCTS_DIR; };
		B535D9E2569B9D84E2EDB715 /* Pods-RUGunarathna-COBSCComp201-019-RUGunarathna-COBSCComp201-019UITests.debug.xcconfig */ = {isa = PBXFileReference; includeInIndex = 1; lastKnownFileType = text.xcconfig; name = "Pods-RUGunarathna-COBSCComp201-019-RUGunarathna-COBSCComp201-019UITests.debug.xcconfig"; path = "Target Support Files/Pods-RUGunarathna-COBSCComp201-019-RUGunarathna-COBSCComp201-019UITests/Pods-RUGunarathna-COBSCComp201-019-RUGunarathna-COBSCComp201-019UITests.debug.xcconfig"; sourceTree = "<group>"; };
		B67E7364274475E400356649 /* User.swift */ = {isa = PBXFileReference; lastKnownFileType = sourcecode.swift; path = User.swift; sourceTree = "<group>"; };
		B67E73672744823F00356649 /* ViewModels.swift */ = {isa = PBXFileReference; lastKnownFileType = sourcecode.swift; path = ViewModels.swift; sourceTree = "<group>"; };
		B67FEBD627452BFF0089BDEF /* LaunchView.storyboard */ = {isa = PBXFileReference; lastKnownFileType = file.storyboard; path = LaunchView.storyboard; sourceTree = "<group>"; };
		B67FEBD8274531310089BDEF /* Info.plist */ = {isa = PBXFileReference; lastKnownFileType = text.plist; path = Info.plist; sourceTree = "<group>"; };
		B681EF7B274552A100F3AA7C /* SettingView.swift */ = {isa = PBXFileReference; lastKnownFileType = sourcecode.swift; path = SettingView.swift; sourceTree = "<group>"; };
		B690C3EF274431FB0027A389 /* RUGunarathna-COBSCComp201-019.app */ = {isa = PBXFileReference; explicitFileType = wrapper.application; includeInIndex = 0; path = "RUGunarathna-COBSCComp201-019.app"; sourceTree = BUILT_PRODUCTS_DIR; };
		B690C3F2274431FB0027A389 /* RUGunarathna_COBSCComp201_019App.swift */ = {isa = PBXFileReference; lastKnownFileType = sourcecode.swift; path = RUGunarathna_COBSCComp201_019App.swift; sourceTree = "<group>"; };
		B690C3F4274431FB0027A389 /* ContentView.swift */ = {isa = PBXFileReference; lastKnownFileType = sourcecode.swift; path = ContentView.swift; sourceTree = "<group>"; };
		B690C3F6274431FF0027A389 /* Assets.xcassets */ = {isa = PBXFileReference; lastKnownFileType = folder.assetcatalog; path = Assets.xcassets; sourceTree = "<group>"; };
		B690C3F9274431FF0027A389 /* Preview Assets.xcassets */ = {isa = PBXFileReference; lastKnownFileType = folder.assetcatalog; path = "Preview Assets.xcassets"; sourceTree = "<group>"; };
		B690C3FF274432000027A389 /* RUGunarathna-COBSCComp201-019Tests.xctest */ = {isa = PBXFileReference; explicitFileType = wrapper.cfbundle; includeInIndex = 0; path = "RUGunarathna-COBSCComp201-019Tests.xctest"; sourceTree = BUILT_PRODUCTS_DIR; };
		B690C403274432000027A389 /* RUGunarathna_COBSCComp201_019Tests.swift */ = {isa = PBXFileReference; lastKnownFileType = sourcecode.swift; path = RUGunarathna_COBSCComp201_019Tests.swift; sourceTree = "<group>"; };
		B690C409274432010027A389 /* RUGunarathna-COBSCComp201-019UITests.xctest */ = {isa = PBXFileReference; explicitFileType = wrapper.cfbundle; includeInIndex = 0; path = "RUGunarathna-COBSCComp201-019UITests.xctest"; sourceTree = BUILT_PRODUCTS_DIR; };
		B690C40D274432010027A389 /* RUGunarathna_COBSCComp201_019UITests.swift */ = {isa = PBXFileReference; lastKnownFileType = sourcecode.swift; path = RUGunarathna_COBSCComp201_019UITests.swift; sourceTree = "<group>"; };
		B690C40F274432010027A389 /* RUGunarathna_COBSCComp201_019UITestsLaunchTests.swift */ = {isa = PBXFileReference; lastKnownFileType = sourcecode.swift; path = RUGunarathna_COBSCComp201_019UITestsLaunchTests.swift; sourceTree = "<group>"; };
		B690C41C274435130027A389 /* GoogleService-Info.plist */ = {isa = PBXFileReference; fileEncoding = 4; lastKnownFileType = text.plist.xml; path = "GoogleService-Info.plist"; sourceTree = "<group>"; };
		B691CB35274D8143004AE25C /* BookingViewModel.swift */ = {isa = PBXFileReference; lastKnownFileType = sourcecode.swift; path = BookingViewModel.swift; sourceTree = "<group>"; };
		B691CB37274D84EB004AE25C /* BookingSlot.swift */ = {isa = PBXFileReference; lastKnownFileType = sourcecode.swift; path = BookingSlot.swift; sourceTree = "<group>"; };
		B6936279274C035F00B7F9E2 /* TabContentView.swift */ = {isa = PBXFileReference; lastKnownFileType = sourcecode.swift; path = TabContentView.swift; sourceTree = "<group>"; };
		B693CBA7274BF6E1006FE556 /* HomeScreen.swift */ = {isa = PBXFileReference; lastKnownFileType = sourcecode.swift; path = HomeScreen.swift; sourceTree = "<group>"; };
		B693CBAC274BF9DB006FE556 /* AuthenticateViewModel.swift */ = {isa = PBXFileReference; lastKnownFileType = sourcecode.swift; path = AuthenticateViewModel.swift; sourceTree = "<group>"; };
		B693CBAF274BFB20006FE556 /* AuthenticateService.swift */ = {isa = PBXFileReference; fileEncoding = 4; lastKnownFileType = sourcecode.swift; path = AuthenticateService.swift; sourceTree = "<group>"; };
		B69D6BE6274D583300946490 /* HomeViewModel.swift */ = {isa = PBXFileReference; lastKnownFileType = sourcecode.swift; path = HomeViewModel.swift; sourceTree = "<group>"; };
		B6A131DE2746D027008FBCC8 /* ParkingSlot.swift */ = {isa = PBXFileReference; lastKnownFileType = sourcecode.swift; path = ParkingSlot.swift; sourceTree = "<group>"; };
		B6A230A4274B72DF0020A58C /* SettingModels.swift */ = {isa = PBXFileReference; lastKnownFileType = sourcecode.swift; path = SettingModels.swift; sourceTree = "<group>"; };
		B6B00EF02749902700C4AA72 /* BookScreen.swift */ = {isa = PBXFileReference; lastKnownFileType = sourcecode.swift; path = BookScreen.swift; sourceTree = "<group>"; };
		B6BFED2E274FDC6200805399 /* RUGunarathna-COBSCComp201-019UITestsLogin.xctest */ = {isa = PBXFileReference; explicitFileType = wrapper.cfbundle; includeInIndex = 0; path = "RUGunarathna-COBSCComp201-019UITestsLogin.xctest"; sourceTree = BUILT_PRODUCTS_DIR; };
		B6BFED30274FDC6200805399 /* RUGunarathna_COBSCComp201_019UITestsLogin.swift */ = {isa = PBXFileReference; lastKnownFileType = sourcecode.swift; path = RUGunarathna_COBSCComp201_019UITestsLogin.swift; sourceTree = "<group>"; };
		B6BFED32274FDC6200805399 /* RUGunarathna_COBSCComp201_019UITestsLoginLaunchTests.swift */ = {isa = PBXFileReference; lastKnownFileType = sourcecode.swift; path = RUGunarathna_COBSCComp201_019UITestsLoginLaunchTests.swift; sourceTree = "<group>"; };
		B6E8EB95274450810005D255 /* SingUpView.swift */ = {isa = PBXFileReference; lastKnownFileType = sourcecode.swift; name = SingUpView.swift; path = "../New Group/SingUpView.swift"; sourceTree = "<group>"; };
		E167FADAAE6E131637A3C001 /* Pods_RUGunarathna_COBSCComp201_019.framework */ = {isa = PBXFileReference; explicitFileType = wrapper.framework; includeInIndex = 0; path = Pods_RUGunarathna_COBSCComp201_019.framework; sourceTree = BUILT_PRODUCTS_DIR; };
		F317D09184E250B25EF4D62C /* Pods-RUGunarathna-COBSCComp201-019-RUGunarathna-COBSCComp201-019UITests.release.xcconfig */ = {isa = PBXFileReference; includeInIndex = 1; lastKnownFileType = text.xcconfig; name = "Pods-RUGunarathna-COBSCComp201-019-RUGunarathna-COBSCComp201-019UITests.release.xcconfig"; path = "Target Support Files/Pods-RUGunarathna-COBSCComp201-019-RUGunarathna-COBSCComp201-019UITests/Pods-RUGunarathna-COBSCComp201-019-RUGunarathna-COBSCComp201-019UITests.release.xcconfig"; sourceTree = "<group>"; };
/* End PBXFileReference section */

/* Begin PBXFrameworksBuildPhase section */
		B690C3EC274431FB0027A389 /* Frameworks */ = {
			isa = PBXFrameworksBuildPhase;
			buildActionMask = 2147483647;
			files = (
				B689C52D2745F07200926741 /* CodeScanner in Frameworks */,
				743E70C32C57CABADE3F741C /* Pods_RUGunarathna_COBSCComp201_019.framework in Frameworks */,
			);
			runOnlyForDeploymentPostprocessing = 0;
		};
		B690C3FC274432000027A389 /* Frameworks */ = {
			isa = PBXFrameworksBuildPhase;
			buildActionMask = 2147483647;
			files = (
				B71766579A57F4CDEB4A50D9 /* Pods_RUGunarathna_COBSCComp201_019Tests.framework in Frameworks */,
			);
			runOnlyForDeploymentPostprocessing = 0;
		};
		B690C406274432010027A389 /* Frameworks */ = {
			isa = PBXFrameworksBuildPhase;
			buildActionMask = 2147483647;
			files = (
				D65C83571BA538A00E9860F6 /* Pods_RUGunarathna_COBSCComp201_019_RUGunarathna_COBSCComp201_019UITests.framework in Frameworks */,
			);
			runOnlyForDeploymentPostprocessing = 0;
		};
		B6BFED2B274FDC6200805399 /* Frameworks */ = {
			isa = PBXFrameworksBuildPhase;
			buildActionMask = 2147483647;
			files = (
			);
			runOnlyForDeploymentPostprocessing = 0;
		};
/* End PBXFrameworksBuildPhase section */

/* Begin PBXGroup section */
		2B88DCDB68310CAF1B3EB5FC /* Pods */ = {
			isa = PBXGroup;
			children = (
				8C1A4B9F479D42E9CB602A25 /* Pods-RUGunarathna-COBSCComp201-019.debug.xcconfig */,
				362A904B9E30DDE92B031011 /* Pods-RUGunarathna-COBSCComp201-019.release.xcconfig */,
				B535D9E2569B9D84E2EDB715 /* Pods-RUGunarathna-COBSCComp201-019-RUGunarathna-COBSCComp201-019UITests.debug.xcconfig */,
				F317D09184E250B25EF4D62C /* Pods-RUGunarathna-COBSCComp201-019-RUGunarathna-COBSCComp201-019UITests.release.xcconfig */,
				81B6503BD58539E553D25381 /* Pods-RUGunarathna-COBSCComp201-019Tests.debug.xcconfig */,
				9A6B4C0956A9D074643DDAC0 /* Pods-RUGunarathna-COBSCComp201-019Tests.release.xcconfig */,
			);
			path = Pods;
			sourceTree = "<group>";
		};
		835C2C3E44B8E0EB758552D4 /* Frameworks */ = {
			isa = PBXGroup;
			children = (
				E167FADAAE6E131637A3C001 /* Pods_RUGunarathna_COBSCComp201_019.framework */,
				AF8140437A229D5359E6CAF6 /* Pods_RUGunarathna_COBSCComp201_019_RUGunarathna_COBSCComp201_019UITests.framework */,
				766CC11CC016AC0655783B6D /* Pods_RUGunarathna_COBSCComp201_019Tests.framework */,
			);
			name = Frameworks;
			sourceTree = "<group>";
		};
		B67E7363274475AF00356649 /* Modules */ = {
			isa = PBXGroup;
			children = (
				B67E7364274475E400356649 /* User.swift */,
				B6A131DE2746D027008FBCC8 /* ParkingSlot.swift */,
				B691CB37274D84EB004AE25C /* BookingSlot.swift */,
			);
			path = Modules;
			sourceTree = "<group>";
		};
		B67E73662744821A00356649 /* View Models */ = {
			isa = PBXGroup;
			children = (
				B67E73672744823F00356649 /* ViewModels.swift */,
				B6A230A4274B72DF0020A58C /* SettingModels.swift */,
				B693CBAC274BF9DB006FE556 /* AuthenticateViewModel.swift */,
				B69D6BE6274D583300946490 /* HomeViewModel.swift */,
				B691CB35274D8143004AE25C /* BookingViewModel.swift */,
			);
			path = "View Models";
			sourceTree = "<group>";
		};
		B690C3E6274431FA0027A389 = {
			isa = PBXGroup;
			children = (
				B690C3F1274431FB0027A389 /* RUGunarathna-COBSCComp201-019 */,
				B690C402274432000027A389 /* RUGunarathna-COBSCComp201-019Tests */,
				B690C40C274432010027A389 /* RUGunarathna-COBSCComp201-019UITests */,
				B6BFED2F274FDC6200805399 /* RUGunarathna-COBSCComp201-019UITestsLogin */,
				B690C3F0274431FB0027A389 /* Products */,
				2B88DCDB68310CAF1B3EB5FC /* Pods */,
				835C2C3E44B8E0EB758552D4 /* Frameworks */,
			);
			sourceTree = "<group>";
		};
		B690C3F0274431FB0027A389 /* Products */ = {
			isa = PBXGroup;
			children = (
				B690C3EF274431FB0027A389 /* RUGunarathna-COBSCComp201-019.app */,
				B690C3FF274432000027A389 /* RUGunarathna-COBSCComp201-019Tests.xctest */,
				B690C409274432010027A389 /* RUGunarathna-COBSCComp201-019UITests.xctest */,
				B6BFED2E274FDC6200805399 /* RUGunarathna-COBSCComp201-019UITestsLogin.xctest */,
			);
			name = Products;
			sourceTree = "<group>";
		};
		B690C3F1274431FB0027A389 /* RUGunarathna-COBSCComp201-019 */ = {
			isa = PBXGroup;
			children = (
				B693CBAE274BFAEE006FE556 /* Service */,
				B693CBA9274BF7BB006FE556 /* View */,
				B67FEBD8274531310089BDEF /* Info.plist */,
				B67E73662744821A00356649 /* View Models */,
				B67E7363274475AF00356649 /* Modules */,
				B690C3F2274431FB0027A389 /* RUGunarathna_COBSCComp201_019App.swift */,
				B690C3F6274431FF0027A389 /* Assets.xcassets */,
				B690C41C274435130027A389 /* GoogleService-Info.plist */,
				B690C3F8274431FF0027A389 /* Preview Content */,
			);
			path = "RUGunarathna-COBSCComp201-019";
			sourceTree = "<group>";
		};
		B690C3F8274431FF0027A389 /* Preview Content */ = {
			isa = PBXGroup;
			children = (
				B690C3F9274431FF0027A389 /* Preview Assets.xcassets */,
			);
			path = "Preview Content";
			sourceTree = "<group>";
		};
		B690C402274432000027A389 /* RUGunarathna-COBSCComp201-019Tests */ = {
			isa = PBXGroup;
			children = (
				B690C403274432000027A389 /* RUGunarathna_COBSCComp201_019Tests.swift */,
			);
			path = "RUGunarathna-COBSCComp201-019Tests";
			sourceTree = "<group>";
		};
		B690C40C274432010027A389 /* RUGunarathna-COBSCComp201-019UITests */ = {
			isa = PBXGroup;
			children = (
				B690C40D274432010027A389 /* RUGunarathna_COBSCComp201_019UITests.swift */,
				B690C40F274432010027A389 /* RUGunarathna_COBSCComp201_019UITestsLaunchTests.swift */,
			);
			path = "RUGunarathna-COBSCComp201-019UITests";
			sourceTree = "<group>";
		};
		B693CBA9274BF7BB006FE556 /* View */ = {
			isa = PBXGroup;
			children = (
				B6E8EB95274450810005D255 /* SingUpView.swift */,
				B67FEBD627452BFF0089BDEF /* LaunchView.storyboard */,
				B6B00EF02749902700C4AA72 /* BookScreen.swift */,
				B693CBA7274BF6E1006FE556 /* HomeScreen.swift */,
				B690C3F4274431FB0027A389 /* ContentView.swift */,
				B681EF7B274552A100F3AA7C /* SettingView.swift */,
				B6936279274C035F00B7F9E2 /* TabContentView.swift */,
			);
			path = View;
			sourceTree = "<group>";
		};
		B693CBAE274BFAEE006FE556 /* Service */ = {
			isa = PBXGroup;
			children = (
				B693CBAF274BFB20006FE556 /* AuthenticateService.swift */,
			);
			path = Service;
			sourceTree = "<group>";
		};
		B6BFED2F274FDC6200805399 /* RUGunarathna-COBSCComp201-019UITestsLogin */ = {
			isa = PBXGroup;
			children = (
				B6BFED30274FDC6200805399 /* RUGunarathna_COBSCComp201_019UITestsLogin.swift */,
				B6BFED32274FDC6200805399 /* RUGunarathna_COBSCComp201_019UITestsLoginLaunchTests.swift */,
			);
			path = "RUGunarathna-COBSCComp201-019UITestsLogin";
			sourceTree = "<group>";
		};
/* End PBXGroup section */

/* Begin PBXNativeTarget section */
		B690C3EE274431FB0027A389 /* RUGunarathna-COBSCComp201-019 */ = {
			isa = PBXNativeTarget;
			buildConfigurationList = B690C413274432010027A389 /* Build configuration list for PBXNativeTarget "RUGunarathna-COBSCComp201-019" */;
			buildPhases = (
				7E49833DF65E8B03522148C3 /* [CP] Check Pods Manifest.lock */,
				B690C3EB274431FB0027A389 /* Sources */,
				B690C3EC274431FB0027A389 /* Frameworks */,
				B690C3ED274431FB0027A389 /* Resources */,
				374E3B098DA8BE9D50992280 /* [CP] Embed Pods Frameworks */,
			);
			buildRules = (
			);
			dependencies = (
			);
			name = "RUGunarathna-COBSCComp201-019";
			packageProductDependencies = (
				B689C52C2745F07200926741 /* CodeScanner */,
			);
			productName = "RUGunarathna-COBSCComp201-019";
			productReference = B690C3EF274431FB0027A389 /* RUGunarathna-COBSCComp201-019.app */;
			productType = "com.apple.product-type.application";
		};
		B690C3FE274432000027A389 /* RUGunarathna-COBSCComp201-019Tests */ = {
			isa = PBXNativeTarget;
			buildConfigurationList = B690C416274432010027A389 /* Build configuration list for PBXNativeTarget "RUGunarathna-COBSCComp201-019Tests" */;
			buildPhases = (
				EF0689065A766DA4AB378771 /* [CP] Check Pods Manifest.lock */,
				B690C3FB274432000027A389 /* Sources */,
				B690C3FC274432000027A389 /* Frameworks */,
				B690C3FD274432000027A389 /* Resources */,
			);
			buildRules = (
			);
			dependencies = (
				B690C401274432000027A389 /* PBXTargetDependency */,
			);
			name = "RUGunarathna-COBSCComp201-019Tests";
			productName = "RUGunarathna-COBSCComp201-019Tests";
			productReference = B690C3FF274432000027A389 /* RUGunarathna-COBSCComp201-019Tests.xctest */;
			productType = "com.apple.product-type.bundle.unit-test";
		};
		B690C408274432010027A389 /* RUGunarathna-COBSCComp201-019UITests */ = {
			isa = PBXNativeTarget;
			buildConfigurationList = B690C419274432010027A389 /* Build configuration list for PBXNativeTarget "RUGunarathna-COBSCComp201-019UITests" */;
			buildPhases = (
				6C7BB39E57AC1EC847DF0A2D /* [CP] Check Pods Manifest.lock */,
				B690C405274432010027A389 /* Sources */,
				B690C406274432010027A389 /* Frameworks */,
				B690C407274432010027A389 /* Resources */,
				A3566F7BF5AA889B8F5CA73B /* [CP] Embed Pods Frameworks */,
			);
			buildRules = (
			);
			dependencies = (
				B690C40B274432010027A389 /* PBXTargetDependency */,
			);
			name = "RUGunarathna-COBSCComp201-019UITests";
			productName = "RUGunarathna-COBSCComp201-019UITests";
			productReference = B690C409274432010027A389 /* RUGunarathna-COBSCComp201-019UITests.xctest */;
			productType = "com.apple.product-type.bundle.ui-testing";
		};
		B6BFED2D274FDC6200805399 /* RUGunarathna-COBSCComp201-019UITestsLogin */ = {
			isa = PBXNativeTarget;
			buildConfigurationList = B6BFED38274FDC6200805399 /* Build configuration list for PBXNativeTarget "RUGunarathna-COBSCComp201-019UITestsLogin" */;
			buildPhases = (
				B6BFED2A274FDC6200805399 /* Sources */,
				B6BFED2B274FDC6200805399 /* Frameworks */,
				B6BFED2C274FDC6200805399 /* Resources */,
			);
			buildRules = (
			);
			dependencies = (
				B6BFED35274FDC6200805399 /* PBXTargetDependency */,
			);
			name = "RUGunarathna-COBSCComp201-019UITestsLogin";
			productName = "RUGunarathna-COBSCComp201-019UITestsLogin";
			productReference = B6BFED2E274FDC6200805399 /* RUGunarathna-COBSCComp201-019UITestsLogin.xctest */;
			productType = "com.apple.product-type.bundle.ui-testing";
		};
/* End PBXNativeTarget section */

/* Begin PBXProject section */
		B690C3E7274431FA0027A389 /* Project object */ = {
			isa = PBXProject;
			attributes = {
				BuildIndependentTargetsInParallel = 1;
				LastSwiftUpdateCheck = 1310;
				LastUpgradeCheck = 1310;
				TargetAttributes = {
					B690C3EE274431FB0027A389 = {
						CreatedOnToolsVersion = 13.1;
					};
					B690C3FE274432000027A389 = {
						CreatedOnToolsVersion = 13.1;
						TestTargetID = B690C3EE274431FB0027A389;
					};
					B690C408274432010027A389 = {
						CreatedOnToolsVersion = 13.1;
						TestTargetID = B690C3EE274431FB0027A389;
					};
					B6BFED2D274FDC6200805399 = {
						CreatedOnToolsVersion = 13.1;
						TestTargetID = B690C3EE274431FB0027A389;
					};
				};
			};
			buildConfigurationList = B690C3EA274431FA0027A389 /* Build configuration list for PBXProject "RUGunarathna-COBSCComp201-019" */;
			compatibilityVersion = "Xcode 13.0";
			developmentRegion = en;
			hasScannedForEncodings = 0;
			knownRegions = (
				en,
				Base,
			);
			mainGroup = B690C3E6274431FA0027A389;
			packageReferences = (
				B689C52B2745F07200926741 /* XCRemoteSwiftPackageReference "CodeScanner" */,
			);
			productRefGroup = B690C3F0274431FB0027A389 /* Products */;
			projectDirPath = "";
			projectRoot = "";
			targets = (
				B690C3EE274431FB0027A389 /* RUGunarathna-COBSCComp201-019 */,
				B690C3FE274432000027A389 /* RUGunarathna-COBSCComp201-019Tests */,
				B690C408274432010027A389 /* RUGunarathna-COBSCComp201-019UITests */,
				B6BFED2D274FDC6200805399 /* RUGunarathna-COBSCComp201-019UITestsLogin */,
			);
		};
/* End PBXProject section */

/* Begin PBXResourcesBuildPhase section */
		B690C3ED274431FB0027A389 /* Resources */ = {
			isa = PBXResourcesBuildPhase;
			buildActionMask = 2147483647;
			files = (
				B690C3FA274431FF0027A389 /* Preview Assets.xcassets in Resources */,
				B690C3F7274431FF0027A389 /* Assets.xcassets in Resources */,
				B67FEBD727452BFF0089BDEF /* LaunchView.storyboard in Resources */,
				B690C41D274435130027A389 /* GoogleService-Info.plist in Resources */,
			);
			runOnlyForDeploymentPostprocessing = 0;
		};
		B690C3FD274432000027A389 /* Resources */ = {
			isa = PBXResourcesBuildPhase;
			buildActionMask = 2147483647;
			files = (
			);
			runOnlyForDeploymentPostprocessing = 0;
		};
		B690C407274432010027A389 /* Resources */ = {
			isa = PBXResourcesBuildPhase;
			buildActionMask = 2147483647;
			files = (
			);
			runOnlyForDeploymentPostprocessing = 0;
		};
		B6BFED2C274FDC6200805399 /* Resources */ = {
			isa = PBXResourcesBuildPhase;
			buildActionMask = 2147483647;
			files = (
			);
			runOnlyForDeploymentPostprocessing = 0;
		};
/* End PBXResourcesBuildPhase section */

/* Begin PBXShellScriptBuildPhase section */
		374E3B098DA8BE9D50992280 /* [CP] Embed Pods Frameworks */ = {
			isa = PBXShellScriptBuildPhase;
			buildActionMask = 2147483647;
			files = (
			);
			inputFileListPaths = (
				"${PODS_ROOT}/Target Support Files/Pods-RUGunarathna-COBSCComp201-019/Pods-RUGunarathna-COBSCComp201-019-frameworks-${CONFIGURATION}-input-files.xcfilelist",
			);
			name = "[CP] Embed Pods Frameworks";
			outputFileListPaths = (
				"${PODS_ROOT}/Target Support Files/Pods-RUGunarathna-COBSCComp201-019/Pods-RUGunarathna-COBSCComp201-019-frameworks-${CONFIGURATION}-output-files.xcfilelist",
			);
			runOnlyForDeploymentPostprocessing = 0;
			shellPath = /bin/sh;
			shellScript = "\"${PODS_ROOT}/Target Support Files/Pods-RUGunarathna-COBSCComp201-019/Pods-RUGunarathna-COBSCComp201-019-frameworks.sh\"\n";
			showEnvVarsInLog = 0;
		};
		6C7BB39E57AC1EC847DF0A2D /* [CP] Check Pods Manifest.lock */ = {
			isa = PBXShellScriptBuildPhase;
			buildActionMask = 2147483647;
			files = (
			);
			inputFileListPaths = (
			);
			inputPaths = (
				"${PODS_PODFILE_DIR_PATH}/Podfile.lock",
				"${PODS_ROOT}/Manifest.lock",
			);
			name = "[CP] Check Pods Manifest.lock";
			outputFileListPaths = (
			);
			outputPaths = (
				"$(DERIVED_FILE_DIR)/Pods-RUGunarathna-COBSCComp201-019-RUGunarathna-COBSCComp201-019UITests-checkManifestLockResult.txt",
			);
			runOnlyForDeploymentPostprocessing = 0;
			shellPath = /bin/sh;
			shellScript = "diff \"${PODS_PODFILE_DIR_PATH}/Podfile.lock\" \"${PODS_ROOT}/Manifest.lock\" > /dev/null\nif [ $? != 0 ] ; then\n    # print error to STDERR\n    echo \"error: The sandbox is not in sync with the Podfile.lock. Run 'pod install' or update your CocoaPods installation.\" >&2\n    exit 1\nfi\n# This output is used by Xcode 'outputs' to avoid re-running this script phase.\necho \"SUCCESS\" > \"${SCRIPT_OUTPUT_FILE_0}\"\n";
			showEnvVarsInLog = 0;
		};
		7E49833DF65E8B03522148C3 /* [CP] Check Pods Manifest.lock */ = {
			isa = PBXShellScriptBuildPhase;
			buildActionMask = 2147483647;
			files = (
			);
			inputFileListPaths = (
			);
			inputPaths = (
				"${PODS_PODFILE_DIR_PATH}/Podfile.lock",
				"${PODS_ROOT}/Manifest.lock",
			);
			name = "[CP] Check Pods Manifest.lock";
			outputFileListPaths = (
			);
			outputPaths = (
				"$(DERIVED_FILE_DIR)/Pods-RUGunarathna-COBSCComp201-019-checkManifestLockResult.txt",
			);
			runOnlyForDeploymentPostprocessing = 0;
			shellPath = /bin/sh;
			shellScript = "diff \"${PODS_PODFILE_DIR_PATH}/Podfile.lock\" \"${PODS_ROOT}/Manifest.lock\" > /dev/null\nif [ $? != 0 ] ; then\n    # print error to STDERR\n    echo \"error: The sandbox is not in sync with the Podfile.lock. Run 'pod install' or update your CocoaPods installation.\" >&2\n    exit 1\nfi\n# This output is used by Xcode 'outputs' to avoid re-running this script phase.\necho \"SUCCESS\" > \"${SCRIPT_OUTPUT_FILE_0}\"\n";
			showEnvVarsInLog = 0;
		};
		A3566F7BF5AA889B8F5CA73B /* [CP] Embed Pods Frameworks */ = {
			isa = PBXShellScriptBuildPhase;
			buildActionMask = 2147483647;
			files = (
			);
			inputFileListPaths = (
				"${PODS_ROOT}/Target Support Files/Pods-RUGunarathna-COBSCComp201-019-RUGunarathna-COBSCComp201-019UITests/Pods-RUGunarathna-COBSCComp201-019-RUGunarathna-COBSCComp201-019UITests-frameworks-${CONFIGURATION}-input-files.xcfilelist",
			);
			name = "[CP] Embed Pods Frameworks";
			outputFileListPaths = (
				"${PODS_ROOT}/Target Support Files/Pods-RUGunarathna-COBSCComp201-019-RUGunarathna-COBSCComp201-019UITests/Pods-RUGunarathna-COBSCComp201-019-RUGunarathna-COBSCComp201-019UITests-frameworks-${CONFIGURATION}-output-files.xcfilelist",
			);
			runOnlyForDeploymentPostprocessing = 0;
			shellPath = /bin/sh;
			shellScript = "\"${PODS_ROOT}/Target Support Files/Pods-RUGunarathna-COBSCComp201-019-RUGunarathna-COBSCComp201-019UITests/Pods-RUGunarathna-COBSCComp201-019-RUGunarathna-COBSCComp201-019UITests-frameworks.sh\"\n";
			showEnvVarsInLog = 0;
		};
		EF0689065A766DA4AB378771 /* [CP] Check Pods Manifest.lock */ = {
			isa = PBXShellScriptBuildPhase;
			buildActionMask = 2147483647;
			files = (
			);
			inputFileListPaths = (
			);
			inputPaths = (
				"${PODS_PODFILE_DIR_PATH}/Podfile.lock",
				"${PODS_ROOT}/Manifest.lock",
			);
			name = "[CP] Check Pods Manifest.lock";
			outputFileListPaths = (
			);
			outputPaths = (
				"$(DERIVED_FILE_DIR)/Pods-RUGunarathna-COBSCComp201-019Tests-checkManifestLockResult.txt",
			);
			runOnlyForDeploymentPostprocessing = 0;
			shellPath = /bin/sh;
			shellScript = "diff \"${PODS_PODFILE_DIR_PATH}/Podfile.lock\" \"${PODS_ROOT}/Manifest.lock\" > /dev/null\nif [ $? != 0 ] ; then\n    # print error to STDERR\n    echo \"error: The sandbox is not in sync with the Podfile.lock. Run 'pod install' or update your CocoaPods installation.\" >&2\n    exit 1\nfi\n# This output is used by Xcode 'outputs' to avoid re-running this script phase.\necho \"SUCCESS\" > \"${SCRIPT_OUTPUT_FILE_0}\"\n";
			showEnvVarsInLog = 0;
		};
/* End PBXShellScriptBuildPhase section */

/* Begin PBXSourcesBuildPhase section */
		B690C3EB274431FB0027A389 /* Sources */ = {
			isa = PBXSourcesBuildPhase;
			buildActionMask = 2147483647;
			files = (
				B693CBAD274BF9DB006FE556 /* AuthenticateViewModel.swift in Sources */,
				B691CB36274D8143004AE25C /* BookingViewModel.swift in Sources */,
				B6A131DF2746D027008FBCC8 /* ParkingSlot.swift in Sources */,
				B69D6BE7274D583300946490 /* HomeViewModel.swift in Sources */,
				B67E7365274475E400356649 /* User.swift in Sources */,
				B690C3F5274431FB0027A389 /* ContentView.swift in Sources */,
				B67E73682744823F00356649 /* ViewModels.swift in Sources */,
				B681EF7C274552A100F3AA7C /* SettingView.swift in Sources */,
				B6B00EF12749902700C4AA72 /* BookScreen.swift in Sources */,
				B693CBA8274BF6E1006FE556 /* HomeScreen.swift in Sources */,
				B693627A274C035F00B7F9E2 /* TabContentView.swift in Sources */,
				B6A230A5274B72DF0020A58C /* SettingModels.swift in Sources */,
				B6E8EB96274450810005D255 /* SingUpView.swift in Sources */,
				B690C3F3274431FB0027A389 /* RUGunarathna_COBSCComp201_019App.swift in Sources */,
				B693CBB0274BFB20006FE556 /* AuthenticateService.swift in Sources */,
				B691CB38274D84EB004AE25C /* BookingSlot.swift in Sources */,
			);
			runOnlyForDeploymentPostprocessing = 0;
		};
		B690C3FB274432000027A389 /* Sources */ = {
			isa = PBXSourcesBuildPhase;
			buildActionMask = 2147483647;
			files = (
				B690C404274432000027A389 /* RUGunarathna_COBSCComp201_019Tests.swift in Sources */,
			);
			runOnlyForDeploymentPostprocessing = 0;
		};
		B690C405274432010027A389 /* Sources */ = {
			isa = PBXSourcesBuildPhase;
			buildActionMask = 2147483647;
			files = (
				B690C40E274432010027A389 /* RUGunarathna_COBSCComp201_019UITests.swift in Sources */,
				B690C410274432010027A389 /* RUGunarathna_COBSCComp201_019UITestsLaunchTests.swift in Sources */,
			);
			runOnlyForDeploymentPostprocessing = 0;
		};
		B6BFED2A274FDC6200805399 /* Sources */ = {
			isa = PBXSourcesBuildPhase;
			buildActionMask = 2147483647;
			files = (
				B6BFED31274FDC6200805399 /* RUGunarathna_COBSCComp201_019UITestsLogin.swift in Sources */,
				B6BFED33274FDC6200805399 /* RUGunarathna_COBSCComp201_019UITestsLoginLaunchTests.swift in Sources */,
			);
			runOnlyForDeploymentPostprocessing = 0;
		};
/* End PBXSourcesBuildPhase section */

/* Begin PBXTargetDependency section */
		B690C401274432000027A389 /* PBXTargetDependency */ = {
			isa = PBXTargetDependency;
			target = B690C3EE274431FB0027A389 /* RUGunarathna-COBSCComp201-019 */;
			targetProxy = B690C400274432000027A389 /* PBXContainerItemProxy */;
		};
		B690C40B274432010027A389 /* PBXTargetDependency */ = {
			isa = PBXTargetDependency;
			target = B690C3EE274431FB0027A389 /* RUGunarathna-COBSCComp201-019 */;
			targetProxy = B690C40A274432010027A389 /* PBXContainerItemProxy */;
		};
		B6BFED35274FDC6200805399 /* PBXTargetDependency */ = {
			isa = PBXTargetDependency;
			target = B690C3EE274431FB0027A389 /* RUGunarathna-COBSCComp201-019 */;
			targetProxy = B6BFED34274FDC6200805399 /* PBXContainerItemProxy */;
		};
/* End PBXTargetDependency section */

/* Begin XCBuildConfiguration section */
		B690C411274432010027A389 /* Debug */ = {
			isa = XCBuildConfiguration;
			buildSettings = {
				ALWAYS_SEARCH_USER_PATHS = NO;
				CLANG_ANALYZER_NONNULL = YES;
				CLANG_ANALYZER_NUMBER_OBJECT_CONVERSION = YES_AGGRESSIVE;
				CLANG_CXX_LANGUAGE_STANDARD = "gnu++17";
				CLANG_CXX_LIBRARY = "libc++";
				CLANG_ENABLE_MODULES = YES;
				CLANG_ENABLE_OBJC_ARC = YES;
				CLANG_ENABLE_OBJC_WEAK = YES;
				CLANG_WARN_BLOCK_CAPTURE_AUTORELEASING = YES;
				CLANG_WARN_BOOL_CONVERSION = YES;
				CLANG_WARN_COMMA = YES;
				CLANG_WARN_CONSTANT_CONVERSION = YES;
				CLANG_WARN_DEPRECATED_OBJC_IMPLEMENTATIONS = YES;
				CLANG_WARN_DIRECT_OBJC_ISA_USAGE = YES_ERROR;
				CLANG_WARN_DOCUMENTATION_COMMENTS = YES;
				CLANG_WARN_EMPTY_BODY = YES;
				CLANG_WARN_ENUM_CONVERSION = YES;
				CLANG_WARN_INFINITE_RECURSION = YES;
				CLANG_WARN_INT_CONVERSION = YES;
				CLANG_WARN_NON_LITERAL_NULL_CONVERSION = YES;
				CLANG_WARN_OBJC_IMPLICIT_RETAIN_SELF = YES;
				CLANG_WARN_OBJC_LITERAL_CONVERSION = YES;
				CLANG_WARN_OBJC_ROOT_CLASS = YES_ERROR;
				CLANG_WARN_QUOTED_INCLUDE_IN_FRAMEWORK_HEADER = YES;
				CLANG_WARN_RANGE_LOOP_ANALYSIS = YES;
				CLANG_WARN_STRICT_PROTOTYPES = YES;
				CLANG_WARN_SUSPICIOUS_MOVE = YES;
				CLANG_WARN_UNGUARDED_AVAILABILITY = YES_AGGRESSIVE;
				CLANG_WARN_UNREACHABLE_CODE = YES;
				CLANG_WARN__DUPLICATE_METHOD_MATCH = YES;
				COPY_PHASE_STRIP = NO;
				DEBUG_INFORMATION_FORMAT = dwarf;
				ENABLE_STRICT_OBJC_MSGSEND = YES;
				ENABLE_TESTABILITY = YES;
				GCC_C_LANGUAGE_STANDARD = gnu11;
				GCC_DYNAMIC_NO_PIC = NO;
				GCC_NO_COMMON_BLOCKS = YES;
				GCC_OPTIMIZATION_LEVEL = 0;
				GCC_PREPROCESSOR_DEFINITIONS = (
					"DEBUG=1",
					"$(inherited)",
				);
				GCC_WARN_64_TO_32_BIT_CONVERSION = YES;
				GCC_WARN_ABOUT_RETURN_TYPE = YES_ERROR;
				GCC_WARN_UNDECLARED_SELECTOR = YES;
				GCC_WARN_UNINITIALIZED_AUTOS = YES_AGGRESSIVE;
				GCC_WARN_UNUSED_FUNCTION = YES;
				GCC_WARN_UNUSED_VARIABLE = YES;
				IPHONEOS_DEPLOYMENT_TARGET = 15.0;
				MTL_ENABLE_DEBUG_INFO = INCLUDE_SOURCE;
				MTL_FAST_MATH = YES;
				ONLY_ACTIVE_ARCH = YES;
				SDKROOT = iphoneos;
				SWIFT_ACTIVE_COMPILATION_CONDITIONS = DEBUG;
				SWIFT_OPTIMIZATION_LEVEL = "-Onone";
			};
			name = Debug;
		};
		B690C412274432010027A389 /* Release */ = {
			isa = XCBuildConfiguration;
			buildSettings = {
				ALWAYS_SEARCH_USER_PATHS = NO;
				CLANG_ANALYZER_NONNULL = YES;
				CLANG_ANALYZER_NUMBER_OBJECT_CONVERSION = YES_AGGRESSIVE;
				CLANG_CXX_LANGUAGE_STANDARD = "gnu++17";
				CLANG_CXX_LIBRARY = "libc++";
				CLANG_ENABLE_MODULES = YES;
				CLANG_ENABLE_OBJC_ARC = YES;
				CLANG_ENABLE_OBJC_WEAK = YES;
				CLANG_WARN_BLOCK_CAPTURE_AUTORELEASING = YES;
				CLANG_WARN_BOOL_CONVERSION = YES;
				CLANG_WARN_COMMA = YES;
				CLANG_WARN_CONSTANT_CONVERSION = YES;
				CLANG_WARN_DEPRECATED_OBJC_IMPLEMENTATIONS = YES;
				CLANG_WARN_DIRECT_OBJC_ISA_USAGE = YES_ERROR;
				CLANG_WARN_DOCUMENTATION_COMMENTS = YES;
				CLANG_WARN_EMPTY_BODY = YES;
				CLANG_WARN_ENUM_CONVERSION = YES;
				CLANG_WARN_INFINITE_RECURSION = YES;
				CLANG_WARN_INT_CONVERSION = YES;
				CLANG_WARN_NON_LITERAL_NULL_CONVERSION = YES;
				CLANG_WARN_OBJC_IMPLICIT_RETAIN_SELF = YES;
				CLANG_WARN_OBJC_LITERAL_CONVERSION = YES;
				CLANG_WARN_OBJC_ROOT_CLASS = YES_ERROR;
				CLANG_WARN_QUOTED_INCLUDE_IN_FRAMEWORK_HEADER = YES;
				CLANG_WARN_RANGE_LOOP_ANALYSIS = YES;
				CLANG_WARN_STRICT_PROTOTYPES = YES;
				CLANG_WARN_SUSPICIOUS_MOVE = YES;
				CLANG_WARN_UNGUARDED_AVAILABILITY = YES_AGGRESSIVE;
				CLANG_WARN_UNREACHABLE_CODE = YES;
				CLANG_WARN__DUPLICATE_METHOD_MATCH = YES;
				COPY_PHASE_STRIP = NO;
				DEBUG_INFORMATION_FORMAT = "dwarf-with-dsym";
				ENABLE_NS_ASSERTIONS = NO;
				ENABLE_STRICT_OBJC_MSGSEND = YES;
				GCC_C_LANGUAGE_STANDARD = gnu11;
				GCC_NO_COMMON_BLOCKS = YES;
				GCC_WARN_64_TO_32_BIT_CONVERSION = YES;
				GCC_WARN_ABOUT_RETURN_TYPE = YES_ERROR;
				GCC_WARN_UNDECLARED_SELECTOR = YES;
				GCC_WARN_UNINITIALIZED_AUTOS = YES_AGGRESSIVE;
				GCC_WARN_UNUSED_FUNCTION = YES;
				GCC_WARN_UNUSED_VARIABLE = YES;
				IPHONEOS_DEPLOYMENT_TARGET = 15.0;
				MTL_ENABLE_DEBUG_INFO = NO;
				MTL_FAST_MATH = YES;
				SDKROOT = iphoneos;
				SWIFT_COMPILATION_MODE = wholemodule;
				SWIFT_OPTIMIZATION_LEVEL = "-O";
				VALIDATE_PRODUCT = YES;
			};
			name = Release;
		};
		B690C414274432010027A389 /* Debug */ = {
			isa = XCBuildConfiguration;
			baseConfigurationReference = 8C1A4B9F479D42E9CB602A25 /* Pods-RUGunarathna-COBSCComp201-019.debug.xcconfig */;
			buildSettings = {
				ASSETCATALOG_COMPILER_APPICON_NAME = AppIcon;
				ASSETCATALOG_COMPILER_GLOBAL_ACCENT_COLOR_NAME = AccentColor;
				CODE_SIGN_STYLE = Automatic;
				CURRENT_PROJECT_VERSION = 1;
				DEVELOPMENT_ASSET_PATHS = "\"RUGunarathna-COBSCComp201-019/Preview Content\"";
				ENABLE_PREVIEWS = YES;
				GENERATE_INFOPLIST_FILE = YES;
				INFOPLIST_FILE = "RUGunarathna-COBSCComp201-019/Info.plist";
				INFOPLIST_KEY_NSCameraUsageDescription = "We need camara to scan QR codes";
				INFOPLIST_KEY_UIApplicationSceneManifest_Generation = YES;
				INFOPLIST_KEY_UIApplicationSupportsIndirectInputEvents = YES;
				INFOPLIST_KEY_UILaunchScreen_Generation = YES;
				INFOPLIST_KEY_UILaunchStoryboardName = LaunchView;
				INFOPLIST_KEY_UISupportedInterfaceOrientations_iPad = "UIInterfaceOrientationPortrait UIInterfaceOrientationPortraitUpsideDown UIInterfaceOrientationLandscapeLeft UIInterfaceOrientationLandscapeRight";
				INFOPLIST_KEY_UISupportedInterfaceOrientations_iPhone = "UIInterfaceOrientationPortrait UIInterfaceOrientationLandscapeLeft UIInterfaceOrientationLandscapeRight";
				INFOPLIST_KEY_UIUserInterfaceStyle = Light;
				LD_RUNPATH_SEARCH_PATHS = (
					"$(inherited)",
					"@executable_path/Frameworks",
				);
				MARKETING_VERSION = 1.0;
				PRODUCT_BUNDLE_IDENTIFIER = "nibm.RUGunarathna-COBSCComp201-019";
				PRODUCT_NAME = "$(TARGET_NAME)";
				SWIFT_EMIT_LOC_STRINGS = YES;
				SWIFT_VERSION = 5.0;
				TARGETED_DEVICE_FAMILY = "1,2";
			};
			name = Debug;
		};
		B690C415274432010027A389 /* Release */ = {
			isa = XCBuildConfiguration;
			baseConfigurationReference = 362A904B9E30DDE92B031011 /* Pods-RUGunarathna-COBSCComp201-019.release.xcconfig */;
			buildSettings = {
				ASSETCATALOG_COMPILER_APPICON_NAME = AppIcon;
				ASSETCATALOG_COMPILER_GLOBAL_ACCENT_COLOR_NAME = AccentColor;
				CODE_SIGN_STYLE = Automatic;
				CURRENT_PROJECT_VERSION = 1;
				DEVELOPMENT_ASSET_PATHS = "\"RUGunarathna-COBSCComp201-019/Preview Content\"";
				ENABLE_PREVIEWS = YES;
				GENERATE_INFOPLIST_FILE = YES;
				INFOPLIST_FILE = "RUGunarathna-COBSCComp201-019/Info.plist";
				INFOPLIST_KEY_NSCameraUsageDescription = "We need camara to scan QR codes";
				INFOPLIST_KEY_UIApplicationSceneManifest_Generation = YES;
				INFOPLIST_KEY_UIApplicationSupportsIndirectInputEvents = YES;
				INFOPLIST_KEY_UILaunchScreen_Generation = YES;
				INFOPLIST_KEY_UILaunchStoryboardName = LaunchView;
				INFOPLIST_KEY_UISupportedInterfaceOrientations_iPad = "UIInterfaceOrientationPortrait UIInterfaceOrientationPortraitUpsideDown UIInterfaceOrientationLandscapeLeft UIInterfaceOrientationLandscapeRight";
				INFOPLIST_KEY_UISupportedInterfaceOrientations_iPhone = "UIInterfaceOrientationPortrait UIInterfaceOrientationLandscapeLeft UIInterfaceOrientationLandscapeRight";
				INFOPLIST_KEY_UIUserInterfaceStyle = Light;
				LD_RUNPATH_SEARCH_PATHS = (
					"$(inherited)",
					"@executable_path/Frameworks",
				);
				MARKETING_VERSION = 1.0;
				PRODUCT_BUNDLE_IDENTIFIER = "nibm.RUGunarathna-COBSCComp201-019";
				PRODUCT_NAME = "$(TARGET_NAME)";
				SWIFT_EMIT_LOC_STRINGS = YES;
				SWIFT_VERSION = 5.0;
				TARGETED_DEVICE_FAMILY = "1,2";
			};
			name = Release;
		};
		B690C417274432010027A389 /* Debug */ = {
			isa = XCBuildConfiguration;
			baseConfigurationReference = 81B6503BD58539E553D25381 /* Pods-RUGunarathna-COBSCComp201-019Tests.debug.xcconfig */;
			buildSettings = {
				ALWAYS_EMBED_SWIFT_STANDARD_LIBRARIES = YES;
				BUNDLE_LOADER = "$(TEST_HOST)";
				CODE_SIGN_STYLE = Automatic;
				CURRENT_PROJECT_VERSION = 1;
				GENERATE_INFOPLIST_FILE = YES;
				IPHONEOS_DEPLOYMENT_TARGET = 15.0;
				LD_RUNPATH_SEARCH_PATHS = (
					"$(inherited)",
					"@executable_path/Frameworks",
					"@loader_path/Frameworks",
				);
				MARKETING_VERSION = 1.0;
				PRODUCT_BUNDLE_IDENTIFIER = "nibm.RUGunarathna-COBSCComp201-019Tests";
				PRODUCT_NAME = "$(TARGET_NAME)";
				SWIFT_EMIT_LOC_STRINGS = NO;
				SWIFT_VERSION = 5.0;
				TARGETED_DEVICE_FAMILY = "1,2";
				TEST_HOST = "$(BUILT_PRODUCTS_DIR)/RUGunarathna-COBSCComp201-019.app/RUGunarathna-COBSCComp201-019";
			};
			name = Debug;
		};
		B690C418274432010027A389 /* Release */ = {
			isa = XCBuildConfiguration;
			baseConfigurationReference = 9A6B4C0956A9D074643DDAC0 /* Pods-RUGunarathna-COBSCComp201-019Tests.release.xcconfig */;
			buildSettings = {
				ALWAYS_EMBED_SWIFT_STANDARD_LIBRARIES = YES;
				BUNDLE_LOADER = "$(TEST_HOST)";
				CODE_SIGN_STYLE = Automatic;
				CURRENT_PROJECT_VERSION = 1;
				GENERATE_INFOPLIST_FILE = YES;
				IPHONEOS_DEPLOYMENT_TARGET = 15.0;
				LD_RUNPATH_SEARCH_PATHS = (
					"$(inherited)",
					"@executable_path/Frameworks",
					"@loader_path/Frameworks",
				);
				MARKETING_VERSION = 1.0;
				PRODUCT_BUNDLE_IDENTIFIER = "nibm.RUGunarathna-COBSCComp201-019Tests";
				PRODUCT_NAME = "$(TARGET_NAME)";
				SWIFT_EMIT_LOC_STRINGS = NO;
				SWIFT_VERSION = 5.0;
				TARGETED_DEVICE_FAMILY = "1,2";
				TEST_HOST = "$(BUILT_PRODUCTS_DIR)/RUGunarathna-COBSCComp201-019.app/RUGunarathna-COBSCComp201-019";
			};
			name = Release;
		};
		B690C41A274432010027A389 /* Debug */ = {
			isa = XCBuildConfiguration;
			baseConfigurationReference = B535D9E2569B9D84E2EDB715 /* Pods-RUGunarathna-COBSCComp201-019-RUGunarathna-COBSCComp201-019UITests.debug.xcconfig */;
			buildSettings = {
				ALWAYS_EMBED_SWIFT_STANDARD_LIBRARIES = YES;
				CODE_SIGN_STYLE = Automatic;
				CURRENT_PROJECT_VERSION = 1;
				GENERATE_INFOPLIST_FILE = YES;
				LD_RUNPATH_SEARCH_PATHS = (
					"$(inherited)",
					"@executable_path/Frameworks",
					"@loader_path/Frameworks",
				);
				MARKETING_VERSION = 1.0;
				PRODUCT_BUNDLE_IDENTIFIER = "nibm.RUGunarathna-COBSCComp201-019UITests";
				PRODUCT_NAME = "$(TARGET_NAME)";
				SWIFT_EMIT_LOC_STRINGS = NO;
				SWIFT_VERSION = 5.0;
				TARGETED_DEVICE_FAMILY = "1,2";
				TEST_TARGET_NAME = "RUGunarathna-COBSCComp201-019";
			};
			name = Debug;
		};
		B690C41B274432010027A389 /* Release */ = {
			isa = XCBuildConfiguration;
			baseConfigurationReference = F317D09184E250B25EF4D62C /* Pods-RUGunarathna-COBSCComp201-019-RUGunarathna-COBSCComp201-019UITests.release.xcconfig */;
			buildSettings = {
				ALWAYS_EMBED_SWIFT_STANDARD_LIBRARIES = YES;
				CODE_SIGN_STYLE = Automatic;
				CURRENT_PROJECT_VERSION = 1;
				GENERATE_INFOPLIST_FILE = YES;
				LD_RUNPATH_SEARCH_PATHS = (
					"$(inherited)",
					"@executable_path/Frameworks",
					"@loader_path/Frameworks",
				);
				MARKETING_VERSION = 1.0;
				PRODUCT_BUNDLE_IDENTIFIER = "nibm.RUGunarathna-COBSCComp201-019UITests";
				PRODUCT_NAME = "$(TARGET_NAME)";
				SWIFT_EMIT_LOC_STRINGS = NO;
				SWIFT_VERSION = 5.0;
				TARGETED_DEVICE_FAMILY = "1,2";
				TEST_TARGET_NAME = "RUGunarathna-COBSCComp201-019";
			};
			name = Release;
		};
		B6BFED36274FDC6200805399 /* Debug */ = {
			isa = XCBuildConfiguration;
			buildSettings = {
				CODE_SIGN_STYLE = Automatic;
				CURRENT_PROJECT_VERSION = 1;
				GENERATE_INFOPLIST_FILE = YES;
				LD_RUNPATH_SEARCH_PATHS = (
					"$(inherited)",
					"@executable_path/Frameworks",
					"@loader_path/Frameworks",
				);
				MARKETING_VERSION = 1.0;
				PRODUCT_BUNDLE_IDENTIFIER = "nibm.RUGunarathna-COBSCComp201-019UITestsLogin";
				PRODUCT_NAME = "$(TARGET_NAME)";
				SWIFT_EMIT_LOC_STRINGS = NO;
				SWIFT_VERSION = 5.0;
				TARGETED_DEVICE_FAMILY = "1,2";
				TEST_TARGET_NAME = "RUGunarathna-COBSCComp201-019";
			};
			name = Debug;
		};
		B6BFED37274FDC6200805399 /* Release */ = {
			isa = XCBuildConfiguration;
			buildSettings = {
				CODE_SIGN_STYLE = Automatic;
				CURRENT_PROJECT_VERSION = 1;
				GENERATE_INFOPLIST_FILE = YES;
				LD_RUNPATH_SEARCH_PATHS = (
					"$(inherited)",
					"@executable_path/Frameworks",
					"@loader_path/Frameworks",
				);
				MARKETING_VERSION = 1.0;
				PRODUCT_BUNDLE_IDENTIFIER = "nibm.RUGunarathna-COBSCComp201-019UITestsLogin";
				PRODUCT_NAME = "$(TARGET_NAME)";
				SWIFT_EMIT_LOC_STRINGS = NO;
				SWIFT_VERSION = 5.0;
				TARGETED_DEVICE_FAMILY = "1,2";
				TEST_TARGET_NAME = "RUGunarathna-COBSCComp201-019";
			};
			name = Release;
		};
/* End XCBuildConfiguration section */

/* Begin XCConfigurationList section */
		B690C3EA274431FA0027A389 /* Build configuration list for PBXProject "RUGunarathna-COBSCComp201-019" */ = {
			isa = XCConfigurationList;
			buildConfigurations = (
				B690C411274432010027A389 /* Debug */,
				B690C412274432010027A389 /* Release */,
			);
			defaultConfigurationIsVisible = 0;
			defaultConfigurationName = Release;
		};
		B690C413274432010027A389 /* Build configuration list for PBXNativeTarget "RUGunarathna-COBSCComp201-019" */ = {
			isa = XCConfigurationList;
			buildConfigurations = (
				B690C414274432010027A389 /* Debug */,
				B690C415274432010027A389 /* Release */,
			);
			defaultConfigurationIsVisible = 0;
			defaultConfigurationName = Release;
		};
		B690C416274432010027A389 /* Build configuration list for PBXNativeTarget "RUGunarathna-COBSCComp201-019Tests" */ = {
			isa = XCConfigurationList;
			buildConfigurations = (
				B690C417274432010027A389 /* Debug */,
				B690C418274432010027A389 /* Release */,
			);
			defaultConfigurationIsVisible = 0;
			defaultConfigurationName = Release;
		};
		B690C419274432010027A389 /* Build configuration list for PBXNativeTarget "RUGunarathna-COBSCComp201-019UITests" */ = {
			isa = XCConfigurationList;
			buildConfigurations = (
				B690C41A274432010027A389 /* Debug */,
				B690C41B274432010027A389 /* Release */,
			);
			defaultConfigurationIsVisible = 0;
			defaultConfigurationName = Release;
		};
		B6BFED38274FDC6200805399 /* Build configuration list for PBXNativeTarget "RUGunarathna-COBSCComp201-019UITestsLogin" */ = {
			isa = XCConfigurationList;
			buildConfigurations = (
				B6BFED36274FDC6200805399 /* Debug */,
				B6BFED37274FDC6200805399 /* Release */,
			);
			defaultConfigurationIsVisible = 0;
			defaultConfigurationName = Release;
		};
/* End XCConfigurationList section */

/* Begin XCRemoteSwiftPackageReference section */
		B689C52B2745F07200926741 /* XCRemoteSwiftPackageReference "CodeScanner" */ = {
			isa = XCRemoteSwiftPackageReference;
			repositoryURL = "https://github.com/twostraws/CodeScanner";
			requirement = {
				kind = upToNextMajorVersion;
				minimumVersion = 1.0.0;
			};
		};
/* End XCRemoteSwiftPackageReference section */

/* Begin XCSwiftPackageProductDependency section */
		B689C52C2745F07200926741 /* CodeScanner */ = {
			isa = XCSwiftPackageProductDependency;
			package = B689C52B2745F07200926741 /* XCRemoteSwiftPackageReference "CodeScanner" */;
			productName = CodeScanner;
		};
/* End XCSwiftPackageProductDependency section */
	};
	rootObject = B690C3E7274431FA0027A389 /* Project object */;
}
